Microsoft Visual Studio Solution File, Format Version 12.00
# Visual Studio Version 17
VisualStudioVersion = 17.5.2.0
MinimumVisualStudioVersion = 10.0.40219.1
Project("{FAE04EC0-301F-11D3-BF4B-00C04F79EFBC}") = "Demo8", "Demo8.csproj", "{E38E4927-572C-1847-6972-00A235194DCF}"
EndProject
Global
	GlobalSection(SolutionConfigurationPlatforms) = preSolution
		Debug|Any CPU = Debug|Any CPU
		Release|Any CPU = Release|Any CPU
	EndGlobalSection
	GlobalSection(ProjectConfigurationPlatforms) = postSolution
		{E38E4927-572C-1847-6972-00A235194DCF}.Debug|Any CPU.ActiveCfg = Debug|Any CPU
		{E38E4927-572C-1847-6972-00A235194DCF}.Debug|Any CPU.Build.0 = Debug|Any CPU
		{E38E4927-572C-1847-6972-00A235194DCF}.Release|Any CPU.ActiveCfg = Release|Any CPU
		{E38E4927-572C-1847-6972-00A235194DCF}.Release|Any CPU.Build.0 = Release|Any CPU
	EndGlobalSection
	GlobalSection(SolutionProperties) = preSolution
		HideSolutionNode = FALSE
	EndGlobalSection
	GlobalSection(ExtensibilityGlobals) = postSolution
		SolutionGuid = {0361BB2F-1829-4EB2-A593-DFB116D9AF28}
	EndGlobalSection
EndGlobal
