Microsoft Visual Studio Solution File, Format Version 12.00
# Visual Studio Version 17
VisualStudioVersion = 17.5.2.0
MinimumVisualStudioVersion = 10.0.40219.1
Project("{FAE04EC0-301F-11D3-BF4B-00C04F79EFBC}") = "Demo10", "Demo10.csproj", "{6453ED8C-0EDA-2F89-77FB-1F6F600C86BD}"
EndProject
Global
	GlobalSection(SolutionConfigurationPlatforms) = preSolution
		Debug|Any CPU = Debug|Any CPU
		Release|Any CPU = Release|Any CPU
	EndGlobalSection
	GlobalSection(ProjectConfigurationPlatforms) = postSolution
		{6453ED8C-0EDA-2F89-77FB-1F6F600C86BD}.Debug|Any CPU.ActiveCfg = Debug|Any CPU
		{6453ED8C-0EDA-2F89-77FB-1F6F600C86BD}.Debug|Any CPU.Build.0 = Debug|Any CPU
		{6453ED8C-0EDA-2F89-77FB-1F6F600C86BD}.Release|Any CPU.ActiveCfg = Release|Any CPU
		{6453ED8C-0EDA-2F89-77FB-1F6F600C86BD}.Release|Any CPU.Build.0 = Release|Any CPU
	EndGlobalSection
	GlobalSection(SolutionProperties) = preSolution
		HideSolutionNode = FALSE
	EndGlobalSection
	GlobalSection(ExtensibilityGlobals) = postSolution
		SolutionGuid = {BBF6EC7A-9AE4-4DC4-82D9-0F76846105CC}
	EndGlobalSection
EndGlobal
