Microsoft Visual Studio Solution File, Format Version 12.00
# Visual Studio Version 17
VisualStudioVersion = 17.5.2.0
MinimumVisualStudioVersion = 10.0.40219.1
Project("{FAE04EC0-301F-11D3-BF4B-00C04F79EFBC}") = "Demo7", "Demo7.csproj", "{B0E9CD7E-1BDF-E466-68B4-49E1AA31BD50}"
EndProject
Global
	GlobalSection(SolutionConfigurationPlatforms) = preSolution
		Debug|Any CPU = Debug|Any CPU
		Release|Any CPU = Release|Any CPU
	EndGlobalSection
	GlobalSection(ProjectConfigurationPlatforms) = postSolution
		{B0E9CD7E-1BDF-E466-68B4-49E1AA31BD50}.Debug|Any CPU.ActiveCfg = Debug|Any CPU
		{B0E9CD7E-1BDF-E466-68B4-49E1AA31BD50}.Debug|Any CPU.Build.0 = Debug|Any CPU
		{B0E9CD7E-1BDF-E466-68B4-49E1AA31BD50}.Release|Any CPU.ActiveCfg = Release|Any CPU
		{B0E9CD7E-1BDF-E466-68B4-49E1AA31BD50}.Release|Any CPU.Build.0 = Release|Any CPU
	EndGlobalSection
	GlobalSection(SolutionProperties) = preSolution
		HideSolutionNode = FALSE
	EndGlobalSection
	GlobalSection(ExtensibilityGlobals) = postSolution
		SolutionGuid = {AEDA9C5C-298D-48E6-93FD-3488FF31E501}
	EndGlobalSection
EndGlobal
